
Microsoft Visual Studio Solution File, Format Version 12.00
# Visual Studio 15
VisualStudioVersion = 15.0.26124.0
MinimumVisualStudioVersion = 15.0.26124.0
Project("{FAE04EC0-301F-11D3-BF4B-00C04F79EFBC}") = "Api", "Source\Api\Api.csproj", "{07EA1BC8-426E-4B7D-BDF4-463CBF87B9BF}"
EndProject
Project("{2150E333-8FDC-42A3-9474-1A3956D46DE8}") = "Source", "Source", "{E31D3F45-D85C-471B-94F8-DC624BAC1539}"
EndProject
Project("{FAE04EC0-301F-11D3-BF4B-00C04F79EFBC}") = "WebUI", "Source\WebUI\WebUI.csproj", "{EE059CDD-B848-4FEC-82A5-A1EF5037C0FB}"
EndProject
Global
	GlobalSection(SolutionConfigurationPlatforms) = preSolution
		Debug|Any CPU = Debug|Any CPU
		Debug|x64 = Debug|x64
		Debug|x86 = Debug|x86
		Release|Any CPU = Release|Any CPU
		Release|x64 = Release|x64
		Release|x86 = Release|x86
	EndGlobalSection
	GlobalSection(SolutionProperties) = preSolution
		HideSolutionNode = FALSE
	EndGlobalSection
	GlobalSection(ProjectConfigurationPlatforms) = postSolution
		{07EA1BC8-426E-4B7D-BDF4-463CBF87B9BF}.Debug|Any CPU.ActiveCfg = Debug|Any CPU
		{07EA1BC8-426E-4B7D-BDF4-463CBF87B9BF}.Debug|Any CPU.Build.0 = Debug|Any CPU
		{07EA1BC8-426E-4B7D-BDF4-463CBF87B9BF}.Debug|x64.ActiveCfg = Debug|Any CPU
		{07EA1BC8-426E-4B7D-BDF4-463CBF87B9BF}.Debug|x64.Build.0 = Debug|Any CPU
		{07EA1BC8-426E-4B7D-BDF4-463CBF87B9BF}.Debug|x86.ActiveCfg = Debug|Any CPU
		{07EA1BC8-426E-4B7D-BDF4-463CBF87B9BF}.Debug|x86.Build.0 = Debug|Any CPU
		{07EA1BC8-426E-4B7D-BDF4-463CBF87B9BF}.Release|Any CPU.ActiveCfg = Release|Any CPU
		{07EA1BC8-426E-4B7D-BDF4-463CBF87B9BF}.Release|Any CPU.Build.0 = Release|Any CPU
		{07EA1BC8-426E-4B7D-BDF4-463CBF87B9BF}.Release|x64.ActiveCfg = Release|Any CPU
		{07EA1BC8-426E-4B7D-BDF4-463CBF87B9BF}.Release|x64.Build.0 = Release|Any CPU
		{07EA1BC8-426E-4B7D-BDF4-463CBF87B9BF}.Release|x86.ActiveCfg = Release|Any CPU
		{07EA1BC8-426E-4B7D-BDF4-463CBF87B9BF}.Release|x86.Build.0 = Release|Any CPU
		{EE059CDD-B848-4FEC-82A5-A1EF5037C0FB}.Debug|Any CPU.ActiveCfg = Debug|Any CPU
		{EE059CDD-B848-4FEC-82A5-A1EF5037C0FB}.Debug|Any CPU.Build.0 = Debug|Any CPU
		{EE059CDD-B848-4FEC-82A5-A1EF5037C0FB}.Debug|x64.ActiveCfg = Debug|Any CPU
		{EE059CDD-B848-4FEC-82A5-A1EF5037C0FB}.Debug|x64.Build.0 = Debug|Any CPU
		{EE059CDD-B848-4FEC-82A5-A1EF5037C0FB}.Debug|x86.ActiveCfg = Debug|Any CPU
		{EE059CDD-B848-4FEC-82A5-A1EF5037C0FB}.Debug|x86.Build.0 = Debug|Any CPU
		{EE059CDD-B848-4FEC-82A5-A1EF5037C0FB}.Release|Any CPU.ActiveCfg = Release|Any CPU
		{EE059CDD-B848-4FEC-82A5-A1EF5037C0FB}.Release|Any CPU.Build.0 = Release|Any CPU
		{EE059CDD-B848-4FEC-82A5-A1EF5037C0FB}.Release|x64.ActiveCfg = Release|Any CPU
		{EE059CDD-B848-4FEC-82A5-A1EF5037C0FB}.Release|x64.Build.0 = Release|Any CPU
		{EE059CDD-B848-4FEC-82A5-A1EF5037C0FB}.Release|x86.ActiveCfg = Release|Any CPU
		{EE059CDD-B848-4FEC-82A5-A1EF5037C0FB}.Release|x86.Build.0 = Release|Any CPU
	EndGlobalSection
	GlobalSection(NestedProjects) = preSolution
		{EE059CDD-B848-4FEC-82A5-A1EF5037C0FB} = {E31D3F45-D85C-471B-94F8-DC624BAC1539}
	EndGlobalSection
EndGlobal
